{
    "name": "@nora-soderlund/cloudflare-d1-backups",
    "version": "1.1.0",
    "lockfileVersion": 3,
    "requires": true,
    "packages": {
        "": {
            "name": "@nora-soderlund/cloudflare-d1-backups",
            "version": "1.1.0",
            "devDependencies": {
                "@cloudflare/workers-types": "^4.20230518.0",
                "typescript": "^5.0.4"
            }
        },
        "node_modules/@cloudflare/workers-types": {
            "version": "4.20230801.0",
            "resolved": "https://registry.npmjs.org/@cloudflare/workers-types/-/workers-types-4.20230801.0.tgz",
            "integrity": "sha512-RzRUR+J/T3h58qbTZHYntYsnZXu3JnrlZIhqP2hhdyfoZAZ/+ko4wX0foAqlYHi+kXWaWtySHBuMcx6ec6TXlQ==",
            "dev": true
        },
        "node_modules/typescript": {
            "version": "5.1.6",
            "resolved": "https://registry.npmjs.org/typescript/-/typescript-5.1.6.tgz",
            "integrity": "sha512-zaWCozRZ6DLEWAWFrVDz1H6FVXzUSfTy5FUMWsQlU8Ym5JP9eO4xkTIROFCQvhQf61z6O/G6ugw3SgAnvvm+HA==",
            "dev": true,
            "bin": {
                "tsc": "bin/tsc",
                "tsserver": "bin/tsserver"
            },
            "engines": {
                "node": ">=14.17"
            }
        }
    }
}
